{
  "name": "openapi",
  "version": "1.0.0",
  "lockfileVersion": 3,
  "requires": true,
  "packages": {
    "": {
      "name": "openapi",
      "version": "1.0.0",
      "license": "ISC",
      "devDependencies": {
        "openapi-typescript": "file:./tools/openapi-typescript",
        "typescript": "file:./tools/typescript"
      }
    },
    "node_modules/openapi-typescript": {
      "resolved": "tools/openapi-typescript",
      "link": true
    },
    "node_modules/typescript": {
      "resolved": "tools/typescript",
      "link": true
    },
    "tools/openapi-typescript": {
      "version": "0.0.0-local",
      "dev": true,
      "bin": {
        "openapi-typescript": "cli.js"
      }
    },
    "tools/typescript": {
      "version": "0.0.0-local",
      "dev": true,
      "bin": {
        "tsc": "cli.js"
      }
    }
  }
}
